{
  "name": "hafize-ai",
  "version": "0.1.0",
  "lockfileVersion": 3,
  "requires": true,
  "packages": {
    "": {
      "name": "hafize-ai",
      "version": "0.1.0",
      "dependencies": {
        "redis": "^6.1.0"
      }
    },
    "node_modules/@redis/bloom": {
      "version": "6.1.0",
      "resolved": "https://registry.npmjs.org/@redis/bloom/-/bloom-6.1.0.tgz",
      "license": "MIT",
      "engines": {
        "node": ">= 20.0.0"
      },
      "peerDependencies": {
        "@redis/client": "^6.1.0"
      }
    },
    "node_modules/@redis/client": {
      "version": "6.1.0",
      "resolved": "https://registry.npmjs.org/@redis/client/-/client-6.1.0.tgz",
      "license": "MIT",
      "dependencies": {
        "cluster-key-slot": "1.1.2"
      },
      "engines": {
        "node": ">= 20.0.0"
      },
      "peerDependencies": {
        "@node-rs/xxhash": "^1.1.0",
        "@opentelemetry/api": ">=1 <2"
      },
      "peerDependenciesMeta": {
        "@node-rs/xxhash": {
          "optional": true
        },
        "@opentelemetry/api": {
          "optional": true
        }
      }
    },
    "node_modules/@redis/json": {
      "version": "6.1.0",
      "resolved": "https://registry.npmjs.org/@redis/json/-/json-6.1.0.tgz",
      "license": "MIT",
      "engines": {
        "node": ">= 20.0.0"
      },
      "peerDependencies": {
        "@redis/client": "^6.1.0"
      }
    },
    "node_modules/@redis/search": {
      "version": "6.1.0",
      "resolved": "https://registry.npmjs.org/@redis/search/-/search-6.1.0.tgz",
      "license": "MIT",
      "engines": {
        "node": ">= 20.0.0"
      },
      "peerDependencies": {
        "@redis/client": "^6.1.0"
      }
    },
    "node_modules/@redis/time-series": {
      "version": "6.1.0",
      "resolved": "https://registry.npmjs.org/@redis/time-series/-/time-series-6.1.0.tgz",
      "license": "MIT",
      "engines": {
        "node": ">= 20.0.0"
      },
      "peerDependencies": {
        "@redis/client": "^6.1.0"
      }
    },
    "node_modules/cluster-key-slot": {
      "version": "1.1.2",
      "resolved": "https://registry.npmjs.org/cluster-key-slot/-/cluster-key-slot-1.1.2.tgz",
      "license": "Apache-2.0",
      "engines": {
        "node": ">=0.10.0"
      }
    },
    "node_modules/redis": {
      "version": "6.1.0",
      "resolved": "https://registry.npmjs.org/redis/-/redis-6.1.0.tgz",
      "license": "MIT",
      "dependencies": {
        "@redis/bloom": "6.1.0",
        "@redis/client": "6.1.0",
        "@redis/json": "6.1.0",
        "@redis/search": "6.1.0",
        "@redis/time-series": "6.1.0"
      },
      "engines": {
        "node": ">= 20.0.0"
      }
    }
  }
}
